
Microsoft Visual Studio Solution File, Format Version 12.00
# Visual Studio 15
VisualStudioVersion = 15.0.27703.2035
MinimumVisualStudioVersion = 10.0.40219.1
Project("{2150E333-8FDC-42A3-9474-1A3956D46DE8}") = "1. Web", "1. Web", "{7EB40E95-51FA-4A22-BB33-1EB23DEAC63A}"
EndProject
Project("{2150E333-8FDC-42A3-9474-1A3956D46DE8}") = "2. Service", "2. Service", "{4648D730-A5E7-44B2-A16D-0770542318A7}"
EndProject
Project("{2150E333-8FDC-42A3-9474-1A3956D46DE8}") = "3. Business", "3. Business", "{152F4695-3265-4A5C-9509-14DE6AF151A5}"
EndProject
Project("{2150E333-8FDC-42A3-9474-1A3956D46DE8}") = "4. Foundation", "4. Foundation", "{997BDB33-F0C7-4BCD-AFDC-B0D6AE481DB1}"
EndProject
Project("{2150E333-8FDC-42A3-9474-1A3956D46DE8}") = "5. PlugIn", "5. PlugIn", "{849EC116-6FD9-49E5-89F7-598DCD5275CD}"
EndProject
Project("{9A19103F-16F7-4668-BE54-9A1E7A4F7556}") = "Amcart.Core", "Foundation\Amcart.Core\Amcart.Core.csproj", "{1837F061-DBD1-4B94-BC1A-A592FEB6FA28}"
EndProject
Project("{9A19103F-16F7-4668-BE54-9A1E7A4F7556}") = "Amcart.Core.AppServices", "Foundation\Amcart.Core.AppServices\Amcart.Core.AppServices.csproj", "{EF2978DE-BCA4-4C46-8AC7-08F63A9AD7D3}"
EndProject
Project("{9A19103F-16F7-4668-BE54-9A1E7A4F7556}") = "Amcart.Core.Data", "Foundation\Amcart.Core.Data\Amcart.Core.Data.csproj", "{DDC9D859-719B-4B22-9AE5-FC926A2238B1}"
EndProject
Project("{9A19103F-16F7-4668-BE54-9A1E7A4F7556}") = "Amcart.Core.Domain", "Foundation\Amcart.Core.Domain\Amcart.Core.Domain.csproj", "{8F59653E-3A57-40B5-B4F3-800B0021D21D}"
EndProject
Project("{9A19103F-16F7-4668-BE54-9A1E7A4F7556}") = "Amcart.Core.WebMVC", "Foundation\Amcart.Core.WebMVC\Amcart.Core.WebMVC.csproj", "{BC911473-3C1D-4F3A-B978-20C9DA04AAEF}"
EndProject
Project("{9A19103F-16F7-4668-BE54-9A1E7A4F7556}") = "Amcart.Caching.Redis", "PlugIn\Amcart.Caching.Redis\Amcart.Caching.Redis.csproj", "{8ECDDF70-3AF3-4ECC-85F3-EA57C160ABD0}"
EndProject
Project("{9A19103F-16F7-4668-BE54-9A1E7A4F7556}") = "Amcar.Logging.NLog", "PlugIn\Amcar.Logging.NLog\Amcar.Logging.NLog.csproj", "{712BB652-0CA8-49EF-BE7D-99225F7322DA}"
EndProject
Project("{E53339B2-1760-4266-BCC7-CA923CBCF16C}") = "docker-compose", "docker-compose.dcproj", "{D592E851-A354-4821-84EA-366BA11C5A8D}"
EndProject
Project("{9A19103F-16F7-4668-BE54-9A1E7A4F7556}") = "Amcart.Web", "Web\Amcart.Web\Amcart.Web.csproj", "{65EA739E-5D62-4BD5-A2D0-18549E3D37AF}"
EndProject
Project("{9A19103F-16F7-4668-BE54-9A1E7A4F7556}") = "Amcart.Business", "Business\Amcart.Business\Amcart.Business.csproj", "{742D0B75-8EA5-4AC4-BDC6-8FD1B14982DE}"
EndProject
Project("{9A19103F-16F7-4668-BE54-9A1E7A4F7556}") = "Amcart.Web.API", "Service\Amcart.Web.API\Amcart.Web.API.csproj", "{FDEB511D-8291-40B7-83B6-933308B32E7E}"
EndProject
Project("{FAE04EC0-301F-11D3-BF4B-00C04F79EFBC}") = "Amcart.Web.IAM", "Service\Amcart.Web.IAM\Amcart.Web.IAM.csproj", "{C91CB550-371C-47D8-9756-3E68A94B5031}"
EndProject
Global
	GlobalSection(SolutionConfigurationPlatforms) = preSolution
		Debug|Any CPU = Debug|Any CPU
		Release|Any CPU = Release|Any CPU
	EndGlobalSection
	GlobalSection(ProjectConfigurationPlatforms) = postSolution
		{1837F061-DBD1-4B94-BC1A-A592FEB6FA28}.Debug|Any CPU.ActiveCfg = Debug|Any CPU
		{1837F061-DBD1-4B94-BC1A-A592FEB6FA28}.Debug|Any CPU.Build.0 = Debug|Any CPU
		{1837F061-DBD1-4B94-BC1A-A592FEB6FA28}.Release|Any CPU.ActiveCfg = Release|Any CPU
		{1837F061-DBD1-4B94-BC1A-A592FEB6FA28}.Release|Any CPU.Build.0 = Release|Any CPU
		{EF2978DE-BCA4-4C46-8AC7-08F63A9AD7D3}.Debug|Any CPU.ActiveCfg = Debug|Any CPU
		{EF2978DE-BCA4-4C46-8AC7-08F63A9AD7D3}.Debug|Any CPU.Build.0 = Debug|Any CPU
		{EF2978DE-BCA4-4C46-8AC7-08F63A9AD7D3}.Release|Any CPU.ActiveCfg = Release|Any CPU
		{EF2978DE-BCA4-4C46-8AC7-08F63A9AD7D3}.Release|Any CPU.Build.0 = Release|Any CPU
		{DDC9D859-719B-4B22-9AE5-FC926A2238B1}.Debug|Any CPU.ActiveCfg = Debug|Any CPU
		{DDC9D859-719B-4B22-9AE5-FC926A2238B1}.Debug|Any CPU.Build.0 = Debug|Any CPU
		{DDC9D859-719B-4B22-9AE5-FC926A2238B1}.Release|Any CPU.ActiveCfg = Release|Any CPU
		{DDC9D859-719B-4B22-9AE5-FC926A2238B1}.Release|Any CPU.Build.0 = Release|Any CPU
		{8F59653E-3A57-40B5-B4F3-800B0021D21D}.Debug|Any CPU.ActiveCfg = Debug|Any CPU
		{8F59653E-3A57-40B5-B4F3-800B0021D21D}.Debug|Any CPU.Build.0 = Debug|Any CPU
		{8F59653E-3A57-40B5-B4F3-800B0021D21D}.Release|Any CPU.ActiveCfg = Release|Any CPU
		{8F59653E-3A57-40B5-B4F3-800B0021D21D}.Release|Any CPU.Build.0 = Release|Any CPU
		{BC911473-3C1D-4F3A-B978-20C9DA04AAEF}.Debug|Any CPU.ActiveCfg = Debug|Any CPU
		{BC911473-3C1D-4F3A-B978-20C9DA04AAEF}.Debug|Any CPU.Build.0 = Debug|Any CPU
		{BC911473-3C1D-4F3A-B978-20C9DA04AAEF}.Release|Any CPU.ActiveCfg = Release|Any CPU
		{BC911473-3C1D-4F3A-B978-20C9DA04AAEF}.Release|Any CPU.Build.0 = Release|Any CPU
		{8ECDDF70-3AF3-4ECC-85F3-EA57C160ABD0}.Debug|Any CPU.ActiveCfg = Debug|Any CPU
		{8ECDDF70-3AF3-4ECC-85F3-EA57C160ABD0}.Debug|Any CPU.Build.0 = Debug|Any CPU
		{8ECDDF70-3AF3-4ECC-85F3-EA57C160ABD0}.Release|Any CPU.ActiveCfg = Release|Any CPU
		{8ECDDF70-3AF3-4ECC-85F3-EA57C160ABD0}.Release|Any CPU.Build.0 = Release|Any CPU
		{712BB652-0CA8-49EF-BE7D-99225F7322DA}.Debug|Any CPU.ActiveCfg = Debug|Any CPU
		{712BB652-0CA8-49EF-BE7D-99225F7322DA}.Debug|Any CPU.Build.0 = Debug|Any CPU
		{712BB652-0CA8-49EF-BE7D-99225F7322DA}.Release|Any CPU.ActiveCfg = Release|Any CPU
		{712BB652-0CA8-49EF-BE7D-99225F7322DA}.Release|Any CPU.Build.0 = Release|Any CPU
		{D592E851-A354-4821-84EA-366BA11C5A8D}.Debug|Any CPU.ActiveCfg = Debug|Any CPU
		{D592E851-A354-4821-84EA-366BA11C5A8D}.Debug|Any CPU.Build.0 = Debug|Any CPU
		{D592E851-A354-4821-84EA-366BA11C5A8D}.Release|Any CPU.ActiveCfg = Release|Any CPU
		{D592E851-A354-4821-84EA-366BA11C5A8D}.Release|Any CPU.Build.0 = Release|Any CPU
		{65EA739E-5D62-4BD5-A2D0-18549E3D37AF}.Debug|Any CPU.ActiveCfg = Debug|Any CPU
		{65EA739E-5D62-4BD5-A2D0-18549E3D37AF}.Debug|Any CPU.Build.0 = Debug|Any CPU
		{65EA739E-5D62-4BD5-A2D0-18549E3D37AF}.Release|Any CPU.ActiveCfg = Release|Any CPU
		{65EA739E-5D62-4BD5-A2D0-18549E3D37AF}.Release|Any CPU.Build.0 = Release|Any CPU
		{742D0B75-8EA5-4AC4-BDC6-8FD1B14982DE}.Debug|Any CPU.ActiveCfg = Debug|Any CPU
		{742D0B75-8EA5-4AC4-BDC6-8FD1B14982DE}.Debug|Any CPU.Build.0 = Debug|Any CPU
		{742D0B75-8EA5-4AC4-BDC6-8FD1B14982DE}.Release|Any CPU.ActiveCfg = Release|Any CPU
		{742D0B75-8EA5-4AC4-BDC6-8FD1B14982DE}.Release|Any CPU.Build.0 = Release|Any CPU
		{FDEB511D-8291-40B7-83B6-933308B32E7E}.Debug|Any CPU.ActiveCfg = Debug|Any CPU
		{FDEB511D-8291-40B7-83B6-933308B32E7E}.Debug|Any CPU.Build.0 = Debug|Any CPU
		{FDEB511D-8291-40B7-83B6-933308B32E7E}.Release|Any CPU.ActiveCfg = Release|Any CPU
		{FDEB511D-8291-40B7-83B6-933308B32E7E}.Release|Any CPU.Build.0 = Release|Any CPU
		{C91CB550-371C-47D8-9756-3E68A94B5031}.Debug|Any CPU.ActiveCfg = Debug|Any CPU
		{C91CB550-371C-47D8-9756-3E68A94B5031}.Debug|Any CPU.Build.0 = Debug|Any CPU
		{C91CB550-371C-47D8-9756-3E68A94B5031}.Release|Any CPU.ActiveCfg = Release|Any CPU
		{C91CB550-371C-47D8-9756-3E68A94B5031}.Release|Any CPU.Build.0 = Release|Any CPU
	EndGlobalSection
	GlobalSection(SolutionProperties) = preSolution
		HideSolutionNode = FALSE
	EndGlobalSection
	GlobalSection(NestedProjects) = preSolution
		{1837F061-DBD1-4B94-BC1A-A592FEB6FA28} = {997BDB33-F0C7-4BCD-AFDC-B0D6AE481DB1}
		{EF2978DE-BCA4-4C46-8AC7-08F63A9AD7D3} = {997BDB33-F0C7-4BCD-AFDC-B0D6AE481DB1}
		{DDC9D859-719B-4B22-9AE5-FC926A2238B1} = {997BDB33-F0C7-4BCD-AFDC-B0D6AE481DB1}
		{8F59653E-3A57-40B5-B4F3-800B0021D21D} = {997BDB33-F0C7-4BCD-AFDC-B0D6AE481DB1}
		{BC911473-3C1D-4F3A-B978-20C9DA04AAEF} = {997BDB33-F0C7-4BCD-AFDC-B0D6AE481DB1}
		{8ECDDF70-3AF3-4ECC-85F3-EA57C160ABD0} = {849EC116-6FD9-49E5-89F7-598DCD5275CD}
		{712BB652-0CA8-49EF-BE7D-99225F7322DA} = {849EC116-6FD9-49E5-89F7-598DCD5275CD}
		{65EA739E-5D62-4BD5-A2D0-18549E3D37AF} = {7EB40E95-51FA-4A22-BB33-1EB23DEAC63A}
		{742D0B75-8EA5-4AC4-BDC6-8FD1B14982DE} = {152F4695-3265-4A5C-9509-14DE6AF151A5}
		{FDEB511D-8291-40B7-83B6-933308B32E7E} = {4648D730-A5E7-44B2-A16D-0770542318A7}
		{C91CB550-371C-47D8-9756-3E68A94B5031} = {4648D730-A5E7-44B2-A16D-0770542318A7}
	EndGlobalSection
	GlobalSection(ExtensibilityGlobals) = postSolution
		SolutionGuid = {5F3E5D9E-D732-4B3B-AC2B-882B78C5074B}
	EndGlobalSection
EndGlobal
